// !$*UTF8*$!
{
	archiveVersion = 1;
	classes = {
	};
	objectVersion = 77;
	objects = {

/* Begin PBXContainerItemProxy section */
		F92FB76B2D3C72830038C037 /* PBXContainerItemProxy */ = {
			isa = PBXContainerItemProxy;
			containerPortal = F92FB74D2D3C72800038C037 /* Project object */;
			proxyType = 1;
			remoteGlobalIDString = F92FB7542D3C72800038C037;
			remoteInfo = AroundEgypt;
		};
		F92FB7752D3C72830038C037 /* PBXContainerItemProxy */ = {
			isa = PBXContainerItemProxy;
			containerPortal = F92FB74D2D3C72800038C037 /* Project object */;
			proxyType = 1;
			remoteGlobalIDString = F92FB7542D3C72800038C037;
			remoteInfo = AroundEgypt;
		};
/* End PBXContainerItemProxy section */

/* Begin PBXFileReference section */
		F92FB7552D3C72800038C037 /* AroundEgypt.app */ = {isa = PBXFileReference; explicitFileType = wrapper.application; includeInIndex = 0; path = AroundEgypt.app; sourceTree = BUILT_PRODUCTS_DIR; };
		F92FB76A2D3C72830038C037 /* AroundEgyptTests.xctest */ = {isa = PBXFileReference; explicitFileType = wrapper.cfbundle; includeInIndex = 0; path = AroundEgyptTests.xctest; sourceTree = BUILT_PRODUCTS_DIR; };
		F92FB7742D3C72830038C037 /* AroundEgyptUITests.xctest */ = {isa = PBXFileReference; explicitFileType = wrapper.cfbundle; includeInIndex = 0; path = AroundEgyptUITests.xctest; sourceTree = BUILT_PRODUCTS_DIR; };
/* End PBXFileReference section */

/* Begin PBXFileSystemSynchronizedRootGroup section */
		F92FB7572D3C72800038C037 /* AroundEgypt */ = {
			isa = PBXFileSystemSynchronizedRootGroup;
			path = AroundEgypt;
			sourceTree = "<group>";
		};
		F92FB76D2D3C72830038C037 /* AroundEgyptTests */ = {
			isa = PBXFileSystemSynchronizedRootGroup;
			path = AroundEgyptTests;
			sourceTree = "<group>";
		};
		F92FB7772D3C72830038C037 /* AroundEgyptUITests */ = {
			isa = PBXFileSystemSynchronizedRootGroup;
			path = AroundEgyptUITests;
			sourceTree = "<group>";
		};
/* End PBXFileSystemSynchronizedRootGroup section */

/* Begin PBXFrameworksBuildPhase section */
		F92FB7522D3C72800038C037 /* Frameworks */ = {
			isa = PBXFrameworksBuildPhase;
			buildActionMask = 2147483647;
			files = (
			);
			runOnlyForDeploymentPostprocessing = 0;
		};
		F92FB7672D3C72830038C037 /* Frameworks */ = {
			isa = PBXFrameworksBuildPhase;
			buildActionMask = 2147483647;
			files = (
			);
			runOnlyForDeploymentPostprocessing = 0;
		};
		F92FB7712D3C72830038C037 /* Frameworks */ = {
			isa = PBXFrameworksBuildPhase;
			buildActionMask = 2147483647;
			files = (
			);
			runOnlyForDeploymentPostprocessing = 0;
		};
/* End PBXFrameworksBuildPhase section */

/* Begin PBXGroup section */
		F92FB74C2D3C72800038C037 = {
			isa = PBXGroup;
			children = (
				F92FB7572D3C72800038C037 /* AroundEgypt */,
				F92FB76D2D3C72830038C037 /* AroundEgyptTests */,
				F92FB7772D3C72830038C037 /* AroundEgyptUITests */,
				F92FB7562D3C72800038C037 /* Products */,
			);
			sourceTree = "<group>";
		};
		F92FB7562D3C72800038C037 /* Products */ = {
			isa = PBXGroup;
			children = (
				F92FB7552D3C72800038C037 /* AroundEgypt.app */,
				F92FB76A2D3C72830038C037 /* AroundEgyptTests.xctest */,
				F92FB7742D3C72830038C037 /* AroundEgyptUITests.xctest */,
			);
			name = Products;
			sourceTree = "<group>";
		};
/* End PBXGroup section */

/* Begin PBXNativeTarget section */
		F92FB7542D3C72800038C037 /* AroundEgypt */ = {
			isa = PBXNativeTarget;
			buildConfigurationList = F92FB77E2D3C72830038C037 /* Build configuration list for PBXNativeTarget "AroundEgypt" */;
			buildPhases = (
				F92FB7512D3C72800038C037 /* Sources */,
				F92FB7522D3C72800038C037 /* Frameworks */,
				F92FB7532D3C72800038C037 /* Resources */,
			);
			buildRules = (
			);
			dependencies = (
			);
			fileSystemSynchronizedGroups = (
				F92FB7572D3C72800038C037 /* AroundEgypt */,
			);
			name = AroundEgypt;
			packageProductDependencies = (
			);
			productName = AroundEgypt;
			productReference = F92FB7552D3C72800038C037 /* AroundEgypt.app */;
			productType = "com.apple.product-type.application";
		};
		F92FB7692D3C72830038C037 /* AroundEgyptTests */ = {
			isa = PBXNativeTarget;
			buildConfigurationList = F92FB7812D3C72830038C037 /* Build configuration list for PBXNativeTarget "AroundEgyptTests" */;
			buildPhases = (
				F92FB7662D3C72830038C037 /* Sources */,
				F92FB7672D3C72830038C037 /* Frameworks */,
				F92FB7682D3C72830038C037 /* Resources */,
			);
			buildRules = (
			);
			dependencies = (
				F92FB76C2D3C72830038C037 /* PBXTargetDependency */,
			);
			fileSystemSynchronizedGroups = (
				F92FB76D2D3C72830038C037 /* AroundEgyptTests */,
			);
			name = AroundEgyptTests;
			packageProductDependencies = (
			);
			productName = AroundEgyptTests;
			productReference = F92FB76A2D3C72830038C037 /* AroundEgyptTests.xctest */;
			productType = "com.apple.product-type.bundle.unit-test";
		};
		F92FB7732D3C72830038C037 /* AroundEgyptUITests */ = {
			isa = PBXNativeTarget;
			buildConfigurationList = F92FB7842D3C72830038C037 /* Build configuration list for PBXNativeTarget "AroundEgyptUITests" */;
			buildPhases = (
				F92FB7702D3C72830038C037 /* Sources */,
				F92FB7712D3C72830038C037 /* Frameworks */,
				F92FB7722D3C72830038C037 /* Resources */,
			);
			buildRules = (
			);
			dependencies = (
				F92FB7762D3C72830038C037 /* PBXTargetDependency */,
			);
			fileSystemSynchronizedGroups = (
				F92FB7772D3C72830038C037 /* AroundEgyptUITests */,
			);
			name = AroundEgyptUITests;
			packageProductDependencies = (
			);
			productName = AroundEgyptUITests;
			productReference = F92FB7742D3C72830038C037 /* AroundEgyptUITests.xctest */;
			productType = "com.apple.product-type.bundle.ui-testing";
		};
/* End PBXNativeTarget section */

/* Begin PBXProject section */
		F92FB74D2D3C72800038C037 /* Project object */ = {
			isa = PBXProject;
			attributes = {
				BuildIndependentTargetsInParallel = 1;
				LastSwiftUpdateCheck = 1620;
				LastUpgradeCheck = 1620;
				TargetAttributes = {
					F92FB7542D3C72800038C037 = {
						CreatedOnToolsVersion = 16.2;
					};
					F92FB7692D3C72830038C037 = {
						CreatedOnToolsVersion = 16.2;
						TestTargetID = F92FB7542D3C72800038C037;
					};
					F92FB7732D3C72830038C037 = {
						CreatedOnToolsVersion = 16.2;
						TestTargetID = F92FB7542D3C72800038C037;
					};
				};
			};
			buildConfigurationList = F92FB7502D3C72800038C037 /* Build configuration list for PBXProject "AroundEgypt" */;
			developmentRegion = en;
			hasScannedForEncodings = 0;
			knownRegions = (
				en,
				Base,
			);
			mainGroup = F92FB74C2D3C72800038C037;
			minimizedProjectReferenceProxies = 1;
			preferredProjectObjectVersion = 77;
			productRefGroup = F92FB7562D3C72800038C037 /* Products */;
			projectDirPath = "";
			projectRoot = "";
			targets = (
				F92FB7542D3C72800038C037 /* AroundEgypt */,
				F92FB7692D3C72830038C037 /* AroundEgyptTests */,
				F92FB7732D3C72830038C037 /* AroundEgyptUITests */,
			);
		};
/* End PBXProject section */

/* Begin PBXResourcesBuildPhase section */
		F92FB7532D3C72800038C037 /* Resources */ = {
			isa = PBXResourcesBuildPhase;
			buildActionMask = 2147483647;
			files = (
			);
			runOnlyForDeploymentPostprocessing = 0;
		};
		F92FB7682D3C72830038C037 /* Resources */ = {
			isa = PBXResourcesBuildPhase;
			buildActionMask = 2147483647;
			files = (
			);
			runOnlyForDeploymentPostprocessing = 0;
		};
		F92FB7722D3C72830038C037 /* Resources */ = {
			isa = PBXResourcesBuildPhase;
			buildActionMask = 2147483647;
			files = (
			);
			runOnlyForDeploymentPostprocessing = 0;
		};
/* End PBXResourcesBuildPhase section */

/* Begin PBXSourcesBuildPhase section */
		F92FB7512D3C72800038C037 /* Sources */ = {
			isa = PBXSourcesBuildPhase;
			buildActionMask = 2147483647;
			files = (
			);
			runOnlyForDeploymentPostprocessing = 0;
		};
		F92FB7662D3C72830038C037 /* Sources */ = {
			isa = PBXSourcesBuildPhase;
			buildActionMask = 2147483647;
			files = (
			);
			runOnlyForDeploymentPostprocessing = 0;
		};
		F92FB7702D3C72830038C037 /* Sources */ = {
			isa = PBXSourcesBuildPhase;
			buildActionMask = 2147483647;
			files = (
			);
			runOnlyForDeploymentPostprocessing = 0;
		};
/* End PBXSourcesBuildPhase section */

/* Begin PBXTargetDependency section */
		F92FB76C2D3C72830038C037 /* PBXTargetDependency */ = {
			isa = PBXTargetDependency;
			target = F92FB7542D3C72800038C037 /* AroundEgypt */;
			targetProxy = F92FB76B2D3C72830038C037 /* PBXContainerItemProxy */;
		};
		F92FB7762D3C72830038C037 /* PBXTargetDependency */ = {
			isa = PBXTargetDependency;
			target = F92FB7542D3C72800038C037 /* AroundEgypt */;
			targetProxy = F92FB7752D3C72830038C037 /* PBXContainerItemProxy */;
		};
/* End PBXTargetDependency section */

/* Begin XCBuildConfiguration section */
		F92FB77C2D3C72830038C037 /* Debug */ = {
			isa = XCBuildConfiguration;
			buildSettings = {
				ALWAYS_SEARCH_USER_PATHS = NO;
				ASSETCATALOG_COMPILER_GENERATE_SWIFT_ASSET_SYMBOL_EXTENSIONS = YES;
				CLANG_ANALYZER_NONNULL = YES;
				CLANG_ANALYZER_NUMBER_OBJECT_CONVERSION = YES_AGGRESSIVE;
				CLANG_CXX_LANGUAGE_STANDARD = "gnu++20";
				CLANG_ENABLE_MODULES = YES;
				CLANG_ENABLE_OBJC_ARC = YES;
				CLANG_ENABLE_OBJC_WEAK = YES;
				CLANG_WARN_BLOCK_CAPTURE_AUTORELEASING = YES;
				CLANG_WARN_BOOL_CONVERSION = YES;
				CLANG_WARN_COMMA = YES;
				CLANG_WARN_CONSTANT_CONVERSION = YES;
				CLANG_WARN_DEPRECATED_OBJC_IMPLEMENTATIONS = YES;
				CLANG_WARN_DIRECT_OBJC_ISA_USAGE = YES_ERROR;
				CLANG_WARN_DOCUMENTATION_COMMENTS = YES;
				CLANG_WARN_EMPTY_BODY = YES;
				CLANG_WARN_ENUM_CONVERSION = YES;
				CLANG_WARN_INFINITE_RECURSION = YES;
				CLANG_WARN_INT_CONVERSION = YES;
				CLANG_WARN_NON_LITERAL_NULL_CONVERSION = YES;
				CLANG_WARN_OBJC_IMPLICIT_RETAIN_SELF = YES;
				CLANG_WARN_OBJC_LITERAL_CONVERSION = YES;
				CLANG_WARN_OBJC_ROOT_CLASS = YES_ERROR;
				CLANG_WARN_QUOTED_INCLUDE_IN_FRAMEWORK_HEADER = YES;
				CLANG_WARN_RANGE_LOOP_ANALYSIS = YES;
				CLANG_WARN_STRICT_PROTOTYPES = YES;
				CLANG_WARN_SUSPICIOUS_MOVE = YES;
				CLANG_WARN_UNGUARDED_AVAILABILITY = YES_AGGRESSIVE;
				CLANG_WARN_UNREACHABLE_CODE = YES;
				CLANG_WARN__DUPLICATE_METHOD_MATCH = YES;
				COPY_PHASE_STRIP = NO;
				DEBUG_INFORMATION_FORMAT = dwarf;
				ENABLE_STRICT_OBJC_MSGSEND = YES;
				ENABLE_TESTABILITY = YES;
				ENABLE_USER_SCRIPT_SANDBOXING = YES;
				GCC_C_LANGUAGE_STANDARD = gnu17;
				GCC_DYNAMIC_NO_PIC = NO;
				GCC_NO_COMMON_BLOCKS = YES;
				GCC_OPTIMIZATION_LEVEL = 0;
				GCC_PREPROCESSOR_DEFINITIONS = (
					"DEBUG=1",
					"$(inherited)",
				);
				GCC_WARN_64_TO_32_BIT_CONVERSION = YES;
				GCC_WARN_ABOUT_RETURN_TYPE = YES_ERROR;
				GCC_WARN_UNDECLARED_SELECTOR = YES;
				GCC_WARN_UNINITIALIZED_AUTOS = YES_AGGRESSIVE;
				GCC_WARN_UNUSED_FUNCTION = YES;
				GCC_WARN_UNUSED_VARIABLE = YES;
				IPHONEOS_DEPLOYMENT_TARGET = 18.2;
				LOCALIZATION_PREFERS_STRING_CATALOGS = YES;
				MTL_ENABLE_DEBUG_INFO = INCLUDE_SOURCE;
				MTL_FAST_MATH = YES;
				ONLY_ACTIVE_ARCH = YES;
				SDKROOT = iphoneos;
				SWIFT_ACTIVE_COMPILATION_CONDITIONS = "DEBUG $(inherited)";
				SWIFT_OPTIMIZATION_LEVEL = "-Onone";
			};
			name = Debug;
		};
		F92FB77D2D3C72830038C037 /* Release */ = {
			isa = XCBuildConfiguration;
			buildSettings = {
				ALWAYS_SEARCH_USER_PATHS = NO;
				ASSETCATALOG_COMPILER_GENERATE_SWIFT_ASSET_SYMBOL_EXTENSIONS = YES;
				CLANG_ANALYZER_NONNULL = YES;
				CLANG_ANALYZER_NUMBER_OBJECT_CONVERSION = YES_AGGRESSIVE;
				CLANG_CXX_LANGUAGE_STANDARD = "gnu++20";
				CLANG_ENABLE_MODULES = YES;
				CLANG_ENABLE_OBJC_ARC = YES;
				CLANG_ENABLE_OBJC_WEAK = YES;
				CLANG_WARN_BLOCK_CAPTURE_AUTORELEASING = YES;
				CLANG_WARN_BOOL_CONVERSION = YES;
				CLANG_WARN_COMMA = YES;
				CLANG_WARN_CONSTANT_CONVERSION = YES;
				CLANG_WARN_DEPRECATED_OBJC_IMPLEMENTATIONS = YES;
				CLANG_WARN_DIRECT_OBJC_ISA_USAGE = YES_ERROR;
				CLANG_WARN_DOCUMENTATION_COMMENTS = YES;
				CLANG_WARN_EMPTY_BODY = YES;
				CLANG_WARN_ENUM_CONVERSION = YES;
				CLANG_WARN_INFINITE_RECURSION = YES;
				CLANG_WARN_INT_CONVERSION = YES;
				CLANG_WARN_NON_LITERAL_NULL_CONVERSION = YES;
				CLANG_WARN_OBJC_IMPLICIT_RETAIN_SELF = YES;
				CLANG_WARN_OBJC_LITERAL_CONVERSION = YES;
				CLANG_WARN_OBJC_ROOT_CLASS = YES_ERROR;
				CLANG_WARN_QUOTED_INCLUDE_IN_FRAMEWORK_HEADER = YES;
				CLANG_WARN_RANGE_LOOP_ANALYSIS = YES;
				CLANG_WARN_STRICT_PROTOTYPES = YES;
				CLANG_WARN_SUSPICIOUS_MOVE = YES;
				CLANG_WARN_UNGUARDED_AVAILABILITY = YES_AGGRESSIVE;
				CLANG_WARN_UNREACHABLE_CODE = YES;
				CLANG_WARN__DUPLICATE_METHOD_MATCH = YES;
				COPY_PHASE_STRIP = NO;
				DEBUG_INFORMATION_FORMAT = "dwarf-with-dsym";
				ENABLE_NS_ASSERTIONS = NO;
				ENABLE_STRICT_OBJC_MSGSEND = YES;
				ENABLE_USER_SCRIPT_SANDBOXING = YES;
				GCC_C_LANGUAGE_STANDARD = gnu17;
				GCC_NO_COMMON_BLOCKS = YES;
				GCC_WARN_64_TO_32_BIT_CONVERSION = YES;
				GCC_WARN_ABOUT_RETURN_TYPE = YES_ERROR;
				GCC_WARN_UNDECLARED_SELECTOR = YES;
				GCC_WARN_UNINITIALIZED_AUTOS = YES_AGGRESSIVE;
				GCC_WARN_UNUSED_FUNCTION = YES;
				GCC_WARN_UNUSED_VARIABLE = YES;
				IPHONEOS_DEPLOYMENT_TARGET = 18.2;
				LOCALIZATION_PREFERS_STRING_CATALOGS = YES;
				MTL_ENABLE_DEBUG_INFO = NO;
				MTL_FAST_MATH = YES;
				SDKROOT = iphoneos;
				SWIFT_COMPILATION_MODE = wholemodule;
				VALIDATE_PRODUCT = YES;
			};
			name = Release;
		};
		F92FB77F2D3C72830038C037 /* Debug */ = {
			isa = XCBuildConfiguration;
			buildSettings = {
				ASSETCATALOG_COMPILER_APPICON_NAME = AppIcon;
				ASSETCATALOG_COMPILER_GLOBAL_ACCENT_COLOR_NAME = AccentColor;
				CODE_SIGN_STYLE = Automatic;
				CURRENT_PROJECT_VERSION = 1;
				DEVELOPMENT_ASSET_PATHS = "\"AroundEgypt/Preview Content\"";
				ENABLE_PREVIEWS = YES;
				GENERATE_INFOPLIST_FILE = YES;
				INFOPLIST_KEY_UIApplicationSceneManifest_Generation = YES;
				INFOPLIST_KEY_UIApplicationSupportsIndirectInputEvents = YES;
				INFOPLIST_KEY_UILaunchScreen_Generation = YES;
				INFOPLIST_KEY_UISupportedInterfaceOrientations_iPad = "UIInterfaceOrientationPortrait UIInterfaceOrientationPortraitUpsideDown UIInterfaceOrientationLandscapeLeft UIInterfaceOrientationLandscapeRight";
				INFOPLIST_KEY_UISupportedInterfaceOrientations_iPhone = "UIInterfaceOrientationPortrait UIInterfaceOrientationLandscapeLeft UIInterfaceOrientationLandscapeRight";
				LD_RUNPATH_SEARCH_PATHS = (
					"$(inherited)",
					"@executable_path/Frameworks",
				);
				MARKETING_VERSION = 1.0;
				PRODUCT_BUNDLE_IDENTIFIER = com.magyelias.AroundEgypt;
				PRODUCT_NAME = "$(TARGET_NAME)";
				SWIFT_EMIT_LOC_STRINGS = YES;
				SWIFT_VERSION = 5.0;
				TARGETED_DEVICE_FAMILY = "1,2";
			};
			name = Debug;
		};
		F92FB7802D3C72830038C037 /* Release */ = {
			isa = XCBuildConfiguration;
			buildSettings = {
				ASSETCATALOG_COMPILER_APPICON_NAME = AppIcon;
				ASSETCATALOG_COMPILER_GLOBAL_ACCENT_COLOR_NAME = AccentColor;
				CODE_SIGN_STYLE = Automatic;
				CURRENT_PROJECT_VERSION = 1;
				DEVELOPMENT_ASSET_PATHS = "\"AroundEgypt/Preview Content\"";
				ENABLE_PREVIEWS = YES;
				GENERATE_INFOPLIST_FILE = YES;
				INFOPLIST_KEY_UIApplicationSceneManifest_Generation = YES;
				INFOPLIST_KEY_UIApplicationSupportsIndirectInputEvents = YES;
				INFOPLIST_KEY_UILaunchScreen_Generation = YES;
				INFOPLIST_KEY_UISupportedInterfaceOrientations_iPad = "UIInterfaceOrientationPortrait UIInterfaceOrientationPortraitUpsideDown UIInterfaceOrientationLandscapeLeft UIInterfaceOrientationLandscapeRight";
				INFOPLIST_KEY_UISupportedInterfaceOrientations_iPhone = "UIInterfaceOrientationPortrait UIInterfaceOrientationLandscapeLeft UIInterfaceOrientationLandscapeRight";
				LD_RUNPATH_SEARCH_PATHS = (
					"$(inherited)",
					"@executable_path/Frameworks",
				);
				MARKETING_VERSION = 1.0;
				PRODUCT_BUNDLE_IDENTIFIER = com.magyelias.AroundEgypt;
				PRODUCT_NAME = "$(TARGET_NAME)";
				SWIFT_EMIT_LOC_STRINGS = YES;
				SWIFT_VERSION = 5.0;
				TARGETED_DEVICE_FAMILY = "1,2";
			};
			name = Release;
		};
		F92FB7822D3C72830038C037 /* Debug */ = {
			isa = XCBuildConfiguration;
			buildSettings = {
				BUNDLE_LOADER = "$(TEST_HOST)";
				CODE_SIGN_STYLE = Automatic;
				CURRENT_PROJECT_VERSION = 1;
				GENERATE_INFOPLIST_FILE = YES;
				IPHONEOS_DEPLOYMENT_TARGET = 18.2;
				MARKETING_VERSION = 1.0;
				PRODUCT_BUNDLE_IDENTIFIER = com.magyelias.AroundEgyptTests;
				PRODUCT_NAME = "$(TARGET_NAME)";
				SWIFT_EMIT_LOC_STRINGS = NO;
				SWIFT_VERSION = 5.0;
				TARGETED_DEVICE_FAMILY = "1,2";
				TEST_HOST = "$(BUILT_PRODUCTS_DIR)/AroundEgypt.app/$(BUNDLE_EXECUTABLE_FOLDER_PATH)/AroundEgypt";
			};
			name = Debug;
		};
		F92FB7832D3C72830038C037 /* Release */ = {
			isa = XCBuildConfiguration;
			buildSettings = {
				BUNDLE_LOADER = "$(TEST_HOST)";
				CODE_SIGN_STYLE = Automatic;
				CURRENT_PROJECT_VERSION = 1;
				GENERATE_INFOPLIST_FILE = YES;
				IPHONEOS_DEPLOYMENT_TARGET = 18.2;
				MARKETING_VERSION = 1.0;
				PRODUCT_BUNDLE_IDENTIFIER = com.magyelias.AroundEgyptTests;
				PRODUCT_NAME = "$(TARGET_NAME)";
				SWIFT_EMIT_LOC_STRINGS = NO;
				SWIFT_VERSION = 5.0;
				TARGETED_DEVICE_FAMILY = "1,2";
				TEST_HOST = "$(BUILT_PRODUCTS_DIR)/AroundEgypt.app/$(BUNDLE_EXECUTABLE_FOLDER_PATH)/AroundEgypt";
			};
			name = Release;
		};
		F92FB7852D3C72830038C037 /* Debug */ = {
			isa = XCBuildConfiguration;
			buildSettings = {
				CODE_SIGN_STYLE = Automatic;
				CURRENT_PROJECT_VERSION = 1;
				GENERATE_INFOPLIST_FILE = YES;
				MARKETING_VERSION = 1.0;
				PRODUCT_BUNDLE_IDENTIFIER = com.magyelias.AroundEgyptUITests;
				PRODUCT_NAME = "$(TARGET_NAME)";
				SWIFT_EMIT_LOC_STRINGS = NO;
				SWIFT_VERSION = 5.0;
				TARGETED_DEVICE_FAMILY = "1,2";
				TEST_TARGET_NAME = AroundEgypt;
			};
			name = Debug;
		};
		F92FB7862D3C72830038C037 /* Release */ = {
			isa = XCBuildConfiguration;
			buildSettings = {
				CODE_SIGN_STYLE = Automatic;
				CURRENT_PROJECT_VERSION = 1;
				GENERATE_INFOPLIST_FILE = YES;
				MARKETING_VERSION = 1.0;
				PRODUCT_BUNDLE_IDENTIFIER = com.magyelias.AroundEgyptUITests;
				PRODUCT_NAME = "$(TARGET_NAME)";
				SWIFT_EMIT_LOC_STRINGS = NO;
				SWIFT_VERSION = 5.0;
				TARGETED_DEVICE_FAMILY = "1,2";
				TEST_TARGET_NAME = AroundEgypt;
			};
			name = Release;
		};
/* End XCBuildConfiguration section */

/* Begin XCConfigurationList section */
		F92FB7502D3C72800038C037 /* Build configuration list for PBXProject "AroundEgypt" */ = {
			isa = XCConfigurationList;
			buildConfigurations = (
				F92FB77C2D3C72830038C037 /* Debug */,
				F92FB77D2D3C72830038C037 /* Release */,
			);
			defaultConfigurationIsVisible = 0;
			defaultConfigurationName = Release;
		};
		F92FB77E2D3C72830038C037 /* Build configuration list for PBXNativeTarget "AroundEgypt" */ = {
			isa = XCConfigurationList;
			buildConfigurations = (
				F92FB77F2D3C72830038C037 /* Debug */,
				F92FB7802D3C72830038C037 /* Release */,
			);
			defaultConfigurationIsVisible = 0;
			defaultConfigurationName = Release;
		};
		F92FB7812D3C72830038C037 /* Build configuration list for PBXNativeTarget "AroundEgyptTests" */ = {
			isa = XCConfigurationList;
			buildConfigurations = (
				F92FB7822D3C72830038C037 /* Debug */,
				F92FB7832D3C72830038C037 /* Release */,
			);
			defaultConfigurationIsVisible = 0;
			defaultConfigurationName = Release;
		};
		F92FB7842D3C72830038C037 /* Build configuration list for PBXNativeTarget "AroundEgyptUITests" */ = {
			isa = XCConfigurationList;
			buildConfigurations = (
				F92FB7852D3C72830038C037 /* Debug */,
				F92FB7862D3C72830038C037 /* Release */,
			);
			defaultConfigurationIsVisible = 0;
			defaultConfigurationName = Release;
		};
/* End XCConfigurationList section */
	};
	rootObject = F92FB74D2D3C72800038C037 /* Project object */;
}
